
Microsoft Visual Studio Solution File, Format Version 11.00
# Visual Studio 2010
Project("{FAE04EC0-301F-11D3-BF4B-00C04F79EFBC}") = "TestApp", "TestApp\TestApp.csproj", "{F417F840-8E90-4946-9645-FCF263F259BB}"
EndProject
Project("{FAE04EC0-301F-11D3-BF4B-00C04F79EFBC}") = "SuperAwesomeCode", "SuperAwesomeCode\SuperAwesomeCode.csproj", "{73B0A57B-C411-4C62-AD4C-B59D5663071F}"
EndProject
Project("{2150E333-8FDC-42A3-9474-1A3956D46DE8}") = "Solution Items", "Solution Items", "{7A543AF3-64C1-47D1-889B-47513D634DE0}"
	ProjectSection(SolutionItems) = preProject
		Local.testsettings = Local.testsettings
		TraceAndTestImpact.testsettings = TraceAndTestImpact.testsettings
	EndProjectSection
EndProject
Project("{FAE04EC0-301F-11D3-BF4B-00C04F79EFBC}") = "SuperAwesomeCode.DataModel", "SuperAwesomeCode.DataModel\SuperAwesomeCode.DataModel.csproj", "{A7B14EFE-0E31-45C5-AA9B-3DCC865ACE16}"
EndProject
Project("{FAE04EC0-301F-11D3-BF4B-00C04F79EFBC}") = "SuperAwesomeCode.UnitTests", "SuperAwesomeCode.UnitTests\SuperAwesomeCode.UnitTests.csproj", "{1986F939-DE1A-4021-A330-6E575D95642A}"
EndProject
Global
	GlobalSection(SolutionConfigurationPlatforms) = preSolution
		Debug|Any CPU = Debug|Any CPU
		Debug|Mixed Platforms = Debug|Mixed Platforms
		Debug|x86 = Debug|x86
		DebugNoAnalysis|Any CPU = DebugNoAnalysis|Any CPU
		DebugNoAnalysis|Mixed Platforms = DebugNoAnalysis|Mixed Platforms
		DebugNoAnalysis|x86 = DebugNoAnalysis|x86
		Release|Any CPU = Release|Any CPU
		Release|Mixed Platforms = Release|Mixed Platforms
		Release|x86 = Release|x86
	EndGlobalSection
	GlobalSection(ProjectConfigurationPlatforms) = postSolution
		{F417F840-8E90-4946-9645-FCF263F259BB}.Debug|Any CPU.ActiveCfg = Debug|x86
		{F417F840-8E90-4946-9645-FCF263F259BB}.Debug|Mixed Platforms.ActiveCfg = Debug|x86
		{F417F840-8E90-4946-9645-FCF263F259BB}.Debug|Mixed Platforms.Build.0 = Debug|x86
		{F417F840-8E90-4946-9645-FCF263F259BB}.Debug|x86.ActiveCfg = Debug|x86
		{F417F840-8E90-4946-9645-FCF263F259BB}.Debug|x86.Build.0 = Debug|x86
		{F417F840-8E90-4946-9645-FCF263F259BB}.DebugNoAnalysis|Any CPU.ActiveCfg = Debug|x86
		{F417F840-8E90-4946-9645-FCF263F259BB}.DebugNoAnalysis|Mixed Platforms.ActiveCfg = Debug|x86
		{F417F840-8E90-4946-9645-FCF263F259BB}.DebugNoAnalysis|Mixed Platforms.Build.0 = Debug|x86
		{F417F840-8E90-4946-9645-FCF263F259BB}.DebugNoAnalysis|x86.ActiveCfg = Debug|x86
		{F417F840-8E90-4946-9645-FCF263F259BB}.DebugNoAnalysis|x86.Build.0 = Debug|x86
		{F417F840-8E90-4946-9645-FCF263F259BB}.Release|Any CPU.ActiveCfg = Release|x86
		{F417F840-8E90-4946-9645-FCF263F259BB}.Release|Mixed Platforms.ActiveCfg = Release|x86
		{F417F840-8E90-4946-9645-FCF263F259BB}.Release|Mixed Platforms.Build.0 = Release|x86
		{F417F840-8E90-4946-9645-FCF263F259BB}.Release|x86.ActiveCfg = Release|x86
		{F417F840-8E90-4946-9645-FCF263F259BB}.Release|x86.Build.0 = Release|x86
		{73B0A57B-C411-4C62-AD4C-B59D5663071F}.Debug|Any CPU.ActiveCfg = Debug|Any CPU
		{73B0A57B-C411-4C62-AD4C-B59D5663071F}.Debug|Any CPU.Build.0 = Debug|Any CPU
		{73B0A57B-C411-4C62-AD4C-B59D5663071F}.Debug|Mixed Platforms.ActiveCfg = Debug|Any CPU
		{73B0A57B-C411-4C62-AD4C-B59D5663071F}.Debug|Mixed Platforms.Build.0 = Debug|Any CPU
		{73B0A57B-C411-4C62-AD4C-B59D5663071F}.Debug|x86.ActiveCfg = Debug|Any CPU
		{73B0A57B-C411-4C62-AD4C-B59D5663071F}.DebugNoAnalysis|Any CPU.ActiveCfg = Debug|Any CPU
		{73B0A57B-C411-4C62-AD4C-B59D5663071F}.DebugNoAnalysis|Any CPU.Build.0 = Debug|Any CPU
		{73B0A57B-C411-4C62-AD4C-B59D5663071F}.DebugNoAnalysis|Mixed Platforms.ActiveCfg = DebugNoAnalysis|Any CPU
		{73B0A57B-C411-4C62-AD4C-B59D5663071F}.DebugNoAnalysis|Mixed Platforms.Build.0 = DebugNoAnalysis|Any CPU
		{73B0A57B-C411-4C62-AD4C-B59D5663071F}.DebugNoAnalysis|x86.ActiveCfg = Debug|Any CPU
		{73B0A57B-C411-4C62-AD4C-B59D5663071F}.Release|Any CPU.ActiveCfg = Release|Any CPU
		{73B0A57B-C411-4C62-AD4C-B59D5663071F}.Release|Any CPU.Build.0 = Release|Any CPU
		{73B0A57B-C411-4C62-AD4C-B59D5663071F}.Release|Mixed Platforms.ActiveCfg = Release|Any CPU
		{73B0A57B-C411-4C62-AD4C-B59D5663071F}.Release|Mixed Platforms.Build.0 = Release|Any CPU
		{73B0A57B-C411-4C62-AD4C-B59D5663071F}.Release|x86.ActiveCfg = Release|Any CPU
		{A7B14EFE-0E31-45C5-AA9B-3DCC865ACE16}.Debug|Any CPU.ActiveCfg = Debug|Any CPU
		{A7B14EFE-0E31-45C5-AA9B-3DCC865ACE16}.Debug|Any CPU.Build.0 = Debug|Any CPU
		{A7B14EFE-0E31-45C5-AA9B-3DCC865ACE16}.Debug|Mixed Platforms.ActiveCfg = Debug|Any CPU
		{A7B14EFE-0E31-45C5-AA9B-3DCC865ACE16}.Debug|Mixed Platforms.Build.0 = Debug|Any CPU
		{A7B14EFE-0E31-45C5-AA9B-3DCC865ACE16}.Debug|x86.ActiveCfg = Debug|Any CPU
		{A7B14EFE-0E31-45C5-AA9B-3DCC865ACE16}.DebugNoAnalysis|Any CPU.ActiveCfg = Debug|Any CPU
		{A7B14EFE-0E31-45C5-AA9B-3DCC865ACE16}.DebugNoAnalysis|Any CPU.Build.0 = Debug|Any CPU
		{A7B14EFE-0E31-45C5-AA9B-3DCC865ACE16}.DebugNoAnalysis|Mixed Platforms.ActiveCfg = DebugNoAnalysis|Any CPU
		{A7B14EFE-0E31-45C5-AA9B-3DCC865ACE16}.DebugNoAnalysis|Mixed Platforms.Build.0 = DebugNoAnalysis|Any CPU
		{A7B14EFE-0E31-45C5-AA9B-3DCC865ACE16}.DebugNoAnalysis|x86.ActiveCfg = Debug|Any CPU
		{A7B14EFE-0E31-45C5-AA9B-3DCC865ACE16}.Release|Any CPU.ActiveCfg = Release|Any CPU
		{A7B14EFE-0E31-45C5-AA9B-3DCC865ACE16}.Release|Any CPU.Build.0 = Release|Any CPU
		{A7B14EFE-0E31-45C5-AA9B-3DCC865ACE16}.Release|Mixed Platforms.ActiveCfg = Release|Any CPU
		{A7B14EFE-0E31-45C5-AA9B-3DCC865ACE16}.Release|Mixed Platforms.Build.0 = Release|Any CPU
		{A7B14EFE-0E31-45C5-AA9B-3DCC865ACE16}.Release|x86.ActiveCfg = Release|Any CPU
		{1986F939-DE1A-4021-A330-6E575D95642A}.Debug|Any CPU.ActiveCfg = Debug|Any CPU
		{1986F939-DE1A-4021-A330-6E575D95642A}.Debug|Any CPU.Build.0 = Debug|Any CPU
		{1986F939-DE1A-4021-A330-6E575D95642A}.Debug|Mixed Platforms.ActiveCfg = Debug|Any CPU
		{1986F939-DE1A-4021-A330-6E575D95642A}.Debug|Mixed Platforms.Build.0 = Debug|Any CPU
		{1986F939-DE1A-4021-A330-6E575D95642A}.Debug|x86.ActiveCfg = Debug|Any CPU
		{1986F939-DE1A-4021-A330-6E575D95642A}.DebugNoAnalysis|Any CPU.ActiveCfg = Debug|Any CPU
		{1986F939-DE1A-4021-A330-6E575D95642A}.DebugNoAnalysis|Any CPU.Build.0 = Debug|Any CPU
		{1986F939-DE1A-4021-A330-6E575D95642A}.DebugNoAnalysis|Mixed Platforms.ActiveCfg = Debug|Any CPU
		{1986F939-DE1A-4021-A330-6E575D95642A}.DebugNoAnalysis|Mixed Platforms.Build.0 = Debug|Any CPU
		{1986F939-DE1A-4021-A330-6E575D95642A}.DebugNoAnalysis|x86.ActiveCfg = Debug|Any CPU
		{1986F939-DE1A-4021-A330-6E575D95642A}.Release|Any CPU.ActiveCfg = Release|Any CPU
		{1986F939-DE1A-4021-A330-6E575D95642A}.Release|Any CPU.Build.0 = Release|Any CPU
		{1986F939-DE1A-4021-A330-6E575D95642A}.Release|Mixed Platforms.ActiveCfg = Release|Any CPU
		{1986F939-DE1A-4021-A330-6E575D95642A}.Release|Mixed Platforms.Build.0 = Release|Any CPU
		{1986F939-DE1A-4021-A330-6E575D95642A}.Release|x86.ActiveCfg = Release|Any CPU
	EndGlobalSection
	GlobalSection(SolutionProperties) = preSolution
		HideSolutionNode = FALSE
	EndGlobalSection
EndGlobal
