
Microsoft Visual Studio Solution File, Format Version 11.00
# Visual Studio 2010
Project("{FAE04EC0-301F-11D3-BF4B-00C04F79EFBC}") = "SuperAwesomeCode", "SuperAwesomeCode\SuperAwesomeCode.csproj", "{73B0A57B-C411-4C62-AD4C-B59D5663071F}"
EndProject
Project("{2150E333-8FDC-42A3-9474-1A3956D46DE8}") = "Solution Items", "Solution Items", "{7A543AF3-64C1-47D1-889B-47513D634DE0}"
	ProjectSection(SolutionItems) = preProject
		Local.testsettings = Local.testsettings
		SuperAwesomeCode.vsmdi = SuperAwesomeCode.vsmdi
		TraceAndTestImpact.testsettings = TraceAndTestImpact.testsettings
	EndProjectSection
EndProject
Project("{FAE04EC0-301F-11D3-BF4B-00C04F79EFBC}") = "SuperAwesomeCode.DataModel", "SuperAwesomeCode.DataModel\SuperAwesomeCode.DataModel.csproj", "{A7B14EFE-0E31-45C5-AA9B-3DCC865ACE16}"
EndProject
Project("{FAE04EC0-301F-11D3-BF4B-00C04F79EFBC}") = "SuperAwesomeCode.UnitTests", "SuperAwesomeCode.UnitTests\SuperAwesomeCode.UnitTests.csproj", "{238C084D-6C0A-495E-95F8-1DBE0E834F52}"
EndProject
Project("{FAE04EC0-301F-11D3-BF4B-00C04F79EFBC}") = "SuperAwesomeCode.UnitTests.DataModel", "SuperAwesomeCode.UnitTests.DataModel\SuperAwesomeCode.UnitTests.DataModel.csproj", "{B2152C5B-7DD9-4B4E-8846-CFA66CEDB02B}"
EndProject
Global
	GlobalSection(TestCaseManagementSettings) = postSolution
		CategoryFile = SuperAwesomeCode.vsmdi
	EndGlobalSection
	GlobalSection(SolutionConfigurationPlatforms) = preSolution
		Debug|Any CPU = Debug|Any CPU
		Debug|Mixed Platforms = Debug|Mixed Platforms
		Debug|x86 = Debug|x86
		DebugNoAnalysis|Any CPU = DebugNoAnalysis|Any CPU
		DebugNoAnalysis|Mixed Platforms = DebugNoAnalysis|Mixed Platforms
		DebugNoAnalysis|x86 = DebugNoAnalysis|x86
		Release|Any CPU = Release|Any CPU
		Release|Mixed Platforms = Release|Mixed Platforms
		Release|x86 = Release|x86
	EndGlobalSection
	GlobalSection(ProjectConfigurationPlatforms) = postSolution
		{73B0A57B-C411-4C62-AD4C-B59D5663071F}.Debug|Any CPU.ActiveCfg = Debug|Any CPU
		{73B0A57B-C411-4C62-AD4C-B59D5663071F}.Debug|Any CPU.Build.0 = Debug|Any CPU
		{73B0A57B-C411-4C62-AD4C-B59D5663071F}.Debug|Mixed Platforms.ActiveCfg = Debug|Any CPU
		{73B0A57B-C411-4C62-AD4C-B59D5663071F}.Debug|Mixed Platforms.Build.0 = Debug|Any CPU
		{73B0A57B-C411-4C62-AD4C-B59D5663071F}.Debug|x86.ActiveCfg = Debug|Any CPU
		{73B0A57B-C411-4C62-AD4C-B59D5663071F}.DebugNoAnalysis|Any CPU.ActiveCfg = Debug|Any CPU
		{73B0A57B-C411-4C62-AD4C-B59D5663071F}.DebugNoAnalysis|Any CPU.Build.0 = Debug|Any CPU
		{73B0A57B-C411-4C62-AD4C-B59D5663071F}.DebugNoAnalysis|Mixed Platforms.ActiveCfg = DebugNoAnalysis|Any CPU
		{73B0A57B-C411-4C62-AD4C-B59D5663071F}.DebugNoAnalysis|Mixed Platforms.Build.0 = DebugNoAnalysis|Any CPU
		{73B0A57B-C411-4C62-AD4C-B59D5663071F}.DebugNoAnalysis|x86.ActiveCfg = Debug|Any CPU
		{73B0A57B-C411-4C62-AD4C-B59D5663071F}.Release|Any CPU.ActiveCfg = Release|Any CPU
		{73B0A57B-C411-4C62-AD4C-B59D5663071F}.Release|Any CPU.Build.0 = Release|Any CPU
		{73B0A57B-C411-4C62-AD4C-B59D5663071F}.Release|Mixed Platforms.ActiveCfg = Release|Any CPU
		{73B0A57B-C411-4C62-AD4C-B59D5663071F}.Release|Mixed Platforms.Build.0 = Release|Any CPU
		{73B0A57B-C411-4C62-AD4C-B59D5663071F}.Release|x86.ActiveCfg = Release|Any CPU
		{A7B14EFE-0E31-45C5-AA9B-3DCC865ACE16}.Debug|Any CPU.ActiveCfg = Debug|Any CPU
		{A7B14EFE-0E31-45C5-AA9B-3DCC865ACE16}.Debug|Any CPU.Build.0 = Debug|Any CPU
		{A7B14EFE-0E31-45C5-AA9B-3DCC865ACE16}.Debug|Mixed Platforms.ActiveCfg = Debug|Any CPU
		{A7B14EFE-0E31-45C5-AA9B-3DCC865ACE16}.Debug|Mixed Platforms.Build.0 = Debug|Any CPU
		{A7B14EFE-0E31-45C5-AA9B-3DCC865ACE16}.Debug|x86.ActiveCfg = Debug|Any CPU
		{A7B14EFE-0E31-45C5-AA9B-3DCC865ACE16}.DebugNoAnalysis|Any CPU.ActiveCfg = Debug|Any CPU
		{A7B14EFE-0E31-45C5-AA9B-3DCC865ACE16}.DebugNoAnalysis|Any CPU.Build.0 = Debug|Any CPU
		{A7B14EFE-0E31-45C5-AA9B-3DCC865ACE16}.DebugNoAnalysis|Mixed Platforms.ActiveCfg = DebugNoAnalysis|Any CPU
		{A7B14EFE-0E31-45C5-AA9B-3DCC865ACE16}.DebugNoAnalysis|Mixed Platforms.Build.0 = DebugNoAnalysis|Any CPU
		{A7B14EFE-0E31-45C5-AA9B-3DCC865ACE16}.DebugNoAnalysis|x86.ActiveCfg = Debug|Any CPU
		{A7B14EFE-0E31-45C5-AA9B-3DCC865ACE16}.Release|Any CPU.ActiveCfg = Release|Any CPU
		{A7B14EFE-0E31-45C5-AA9B-3DCC865ACE16}.Release|Any CPU.Build.0 = Release|Any CPU
		{A7B14EFE-0E31-45C5-AA9B-3DCC865ACE16}.Release|Mixed Platforms.ActiveCfg = Release|Any CPU
		{A7B14EFE-0E31-45C5-AA9B-3DCC865ACE16}.Release|Mixed Platforms.Build.0 = Release|Any CPU
		{A7B14EFE-0E31-45C5-AA9B-3DCC865ACE16}.Release|x86.ActiveCfg = Release|Any CPU
		{238C084D-6C0A-495E-95F8-1DBE0E834F52}.Debug|Any CPU.ActiveCfg = Debug|Any CPU
		{238C084D-6C0A-495E-95F8-1DBE0E834F52}.Debug|Any CPU.Build.0 = Debug|Any CPU
		{238C084D-6C0A-495E-95F8-1DBE0E834F52}.Debug|Mixed Platforms.ActiveCfg = Debug|Any CPU
		{238C084D-6C0A-495E-95F8-1DBE0E834F52}.Debug|Mixed Platforms.Build.0 = Debug|Any CPU
		{238C084D-6C0A-495E-95F8-1DBE0E834F52}.Debug|x86.ActiveCfg = Debug|Any CPU
		{238C084D-6C0A-495E-95F8-1DBE0E834F52}.DebugNoAnalysis|Any CPU.ActiveCfg = Debug|Any CPU
		{238C084D-6C0A-495E-95F8-1DBE0E834F52}.DebugNoAnalysis|Any CPU.Build.0 = Debug|Any CPU
		{238C084D-6C0A-495E-95F8-1DBE0E834F52}.DebugNoAnalysis|Mixed Platforms.ActiveCfg = DebugNoAnalysis|Any CPU
		{238C084D-6C0A-495E-95F8-1DBE0E834F52}.DebugNoAnalysis|Mixed Platforms.Build.0 = DebugNoAnalysis|Any CPU
		{238C084D-6C0A-495E-95F8-1DBE0E834F52}.DebugNoAnalysis|x86.ActiveCfg = Debug|Any CPU
		{238C084D-6C0A-495E-95F8-1DBE0E834F52}.Release|Any CPU.ActiveCfg = Release|Any CPU
		{238C084D-6C0A-495E-95F8-1DBE0E834F52}.Release|Any CPU.Build.0 = Release|Any CPU
		{238C084D-6C0A-495E-95F8-1DBE0E834F52}.Release|Mixed Platforms.ActiveCfg = Release|Any CPU
		{238C084D-6C0A-495E-95F8-1DBE0E834F52}.Release|Mixed Platforms.Build.0 = Release|Any CPU
		{238C084D-6C0A-495E-95F8-1DBE0E834F52}.Release|x86.ActiveCfg = Release|Any CPU
		{B2152C5B-7DD9-4B4E-8846-CFA66CEDB02B}.Debug|Any CPU.ActiveCfg = Debug|Any CPU
		{B2152C5B-7DD9-4B4E-8846-CFA66CEDB02B}.Debug|Any CPU.Build.0 = Debug|Any CPU
		{B2152C5B-7DD9-4B4E-8846-CFA66CEDB02B}.Debug|Mixed Platforms.ActiveCfg = Debug|Any CPU
		{B2152C5B-7DD9-4B4E-8846-CFA66CEDB02B}.Debug|Mixed Platforms.Build.0 = Debug|Any CPU
		{B2152C5B-7DD9-4B4E-8846-CFA66CEDB02B}.Debug|x86.ActiveCfg = Debug|Any CPU
		{B2152C5B-7DD9-4B4E-8846-CFA66CEDB02B}.DebugNoAnalysis|Any CPU.ActiveCfg = Debug|Any CPU
		{B2152C5B-7DD9-4B4E-8846-CFA66CEDB02B}.DebugNoAnalysis|Any CPU.Build.0 = Debug|Any CPU
		{B2152C5B-7DD9-4B4E-8846-CFA66CEDB02B}.DebugNoAnalysis|Mixed Platforms.ActiveCfg = DebugNoAnalysis|Any CPU
		{B2152C5B-7DD9-4B4E-8846-CFA66CEDB02B}.DebugNoAnalysis|Mixed Platforms.Build.0 = DebugNoAnalysis|Any CPU
		{B2152C5B-7DD9-4B4E-8846-CFA66CEDB02B}.DebugNoAnalysis|x86.ActiveCfg = Debug|Any CPU
		{B2152C5B-7DD9-4B4E-8846-CFA66CEDB02B}.Release|Any CPU.ActiveCfg = Release|Any CPU
		{B2152C5B-7DD9-4B4E-8846-CFA66CEDB02B}.Release|Any CPU.Build.0 = Release|Any CPU
		{B2152C5B-7DD9-4B4E-8846-CFA66CEDB02B}.Release|Mixed Platforms.ActiveCfg = Release|Any CPU
		{B2152C5B-7DD9-4B4E-8846-CFA66CEDB02B}.Release|Mixed Platforms.Build.0 = Release|Any CPU
		{B2152C5B-7DD9-4B4E-8846-CFA66CEDB02B}.Release|x86.ActiveCfg = Release|Any CPU
	EndGlobalSection
	GlobalSection(SolutionProperties) = preSolution
		HideSolutionNode = FALSE
	EndGlobalSection
EndGlobal
